
Microsoft Visual Studio Solution File, Format Version 12.00
# Visual Studio 14
VisualStudioVersion = 14.0.23107.0
MinimumVisualStudioVersion = 10.0.40219.1
Project("{2150E333-8FDC-42A3-9474-1A3956D46DE8}") = ".nuget", ".nuget", "{29FCDCD8-A256-4871-9D38-BE6AC6EAEE72}"
	ProjectSection(SolutionItems) = preProject
		.nuget\NuGet.Config = .nuget\NuGet.Config
		.nuget\NuGet.exe = .nuget\NuGet.exe
		.nuget\NuGet.targets = .nuget\NuGet.targets
	EndProjectSection
EndProject
Project("{2150E333-8FDC-42A3-9474-1A3956D46DE8}") = "1-Presentation", "1-Presentation", "{FBCEFD1C-53D1-4161-B14A-153B2B6E1391}"
EndProject
Project("{FAE04EC0-301F-11D3-BF4B-00C04F79EFBC}") = "WebApi.HelpModule", "WebApi.HelpModule\WebApi.HelpModule.csproj", "{52B1AF0B-BCAD-47F4-9F9C-DA015608917A}"
EndProject
Project("{FAE04EC0-301F-11D3-BF4B-00C04F79EFBC}") = "Web.Core", "Web.Core\Web.Core.csproj", "{9B861E62-ED1F-4FBB-B9AD-4E6B74B692CF}"
EndProject
Project("{2150E333-8FDC-42A3-9474-1A3956D46DE8}") = "versions", "versions", "{1DF89EB9-9D22-4DB4-AF65-6FDE684A9EF3}"
	ProjectSection(SolutionItems) = preProject
		versions\Versions.cs = versions\Versions.cs
	EndProjectSection
EndProject
Project("{FAE04EC0-301F-11D3-BF4B-00C04F79EFBC}") = "Web.Host", "Web.Host\Web.Host.csproj", "{A8612AC3-E821-4BC5-AB90-2EDD81DF9D6A}"
EndProject
Project("{2150E333-8FDC-42A3-9474-1A3956D46DE8}") = "2-Applications", "2-Applications", "{5722B830-FD18-4295-9569-5BA23AF8BBEA}"
EndProject
Project("{FAE04EC0-301F-11D3-BF4B-00C04F79EFBC}") = "Applications", "Applications\Applications.csproj", "{EE20C94B-378A-406B-92AC-984E71CAFBE8}"
EndProject
Project("{2150E333-8FDC-42A3-9474-1A3956D46DE8}") = "3-Domain", "3-Domain", "{917A85B4-B1B6-4ED3-9D2F-D54E68AEA1D4}"
EndProject
Project("{2150E333-8FDC-42A3-9474-1A3956D46DE8}") = "4-Infrastructure", "4-Infrastructure", "{3E0D9246-E2ED-4632-B14E-D755584890AF}"
EndProject
Project("{FAE04EC0-301F-11D3-BF4B-00C04F79EFBC}") = "Domain", "Domain\Domain.csproj", "{67C014AD-A14C-4E4B-8E76-6EF379FC44B1}"
EndProject
Project("{2150E333-8FDC-42A3-9474-1A3956D46DE8}") = "Data", "Data", "{E6B74170-4615-48BD-85E4-20D9106813AE}"
EndProject
Project("{FAE04EC0-301F-11D3-BF4B-00C04F79EFBC}") = "Infrastructure.Data.MongoDB.Repository", "Infrastructure.Data.MongoDB.Repository\Infrastructure.Data.MongoDB.Repository.csproj", "{EA05B71C-8090-45BA-A317-3410E98EF6FD}"
EndProject
Project("{FAE04EC0-301F-11D3-BF4B-00C04F79EFBC}") = "Web.Admin", "Web.Admin\Web.Admin.csproj", "{9F10C283-F17A-4F9A-88E5-A3C70B45F0E9}"
EndProject
Project("{FAE04EC0-301F-11D3-BF4B-00C04F79EFBC}") = "Web.Api", "Web.Api\Web.Api.csproj", "{EBD09D0A-937E-4327-8FB3-8C5DB1D7D0CD}"
EndProject
Project("{FAE04EC0-301F-11D3-BF4B-00C04F79EFBC}") = "Dto", "Dto\Dto.csproj", "{2EE2EF7E-E851-4EB6-AC24-09DA0BDDE8C1}"
EndProject
Project("{2150E333-8FDC-42A3-9474-1A3956D46DE8}") = "Exception", "Exception", "{C98A03E2-B4F2-43E3-9A3A-35065730738A}"
EndProject
Project("{FAE04EC0-301F-11D3-BF4B-00C04F79EFBC}") = "Infrastructure.Exceptions", "Infrastructure.Exceptions\Infrastructure.Exceptions.csproj", "{E3992073-8D24-4059-9E71-5B90FB8A3216}"
EndProject
Project("{2150E333-8FDC-42A3-9474-1A3956D46DE8}") = "5-Tests", "5-Tests", "{0249AB7D-97C7-4143-BBBA-9334E8758A8E}"
EndProject
Project("{FAE04EC0-301F-11D3-BF4B-00C04F79EFBC}") = "Domain.Tests", "Domain.Tests\Domain.Tests.csproj", "{B07ED3D1-0EED-4E13-A73A-3F34B8B75F40}"
EndProject
Project("{FAE04EC0-301F-11D3-BF4B-00C04F79EFBC}") = "Application.Test", "Application.Test\Application.Test.csproj", "{8C4C8598-E263-48C8-BAC4-1E7153ED8898}"
EndProject
Project("{2150E333-8FDC-42A3-9474-1A3956D46DE8}") = "0-SDK", "0-SDK", "{F462E7C6-F8EA-4532-A2B4-0635BD12FE7F}"
EndProject
Project("{FAE04EC0-301F-11D3-BF4B-00C04F79EFBC}") = "SDK", "SDK\SDK.csproj", "{6DE862BA-3492-49E3-8B53-596D81BCA0C9}"
EndProject
Project("{FAE04EC0-301F-11D3-BF4B-00C04F79EFBC}") = "SDK.Test", "SDK.Test\SDK.Test.csproj", "{E204363E-42CF-4D7E-BA74-D6C87E159BA4}"
EndProject
Project("{FAE04EC0-301F-11D3-BF4B-00C04F79EFBC}") = "Web.Host.Test", "Web.Host.Test\Web.Host.Test.csproj", "{7A6A094D-9C1D-4E56-B615-7D83A495AE2D}"
EndProject
Project("{FAE04EC0-301F-11D3-BF4B-00C04F79EFBC}") = "Web.Admin.Test", "Web.Admin.Test\Web.Admin.Test.csproj", "{2F8E3F51-C30C-497C-8749-AF170141B6B0}"
EndProject
Project("{FAE04EC0-301F-11D3-BF4B-00C04F79EFBC}") = "Infrastructure.Data.MongoDB.Repository.Tests", "Infrastructure.Data.MongoDB.Repository.Tests\Infrastructure.Data.MongoDB.Repository.Tests.csproj", "{6EA3608D-2F89-4100-A556-8DB12F3B3A09}"
EndProject
Project("{FAE04EC0-301F-11D3-BF4B-00C04F79EFBC}") = "Mvc", "Mvc\Mvc.csproj", "{70C2253A-AA2B-4829-BB11-FE09FEE7C6B7}"
EndProject
Project("{2150E333-8FDC-42A3-9474-1A3956D46DE8}") = "6-Tools", "6-Tools", "{D178350D-7A69-4499-9E33-58386B87E903}"
EndProject
Project("{2150E333-8FDC-42A3-9474-1A3956D46DE8}") = "Config", "Config", "{82234DD6-C9D0-4C3E-B456-27971D897981}"
EndProject
Project("{FAE04EC0-301F-11D3-BF4B-00C04F79EFBC}") = "Portal.Infrastructure.Config", "Infrastructure.Config\Portal.Infrastructure.Config.csproj", "{02729C2F-220E-436B-AE3E-576F20902147}"
EndProject
Project("{FAE04EC0-301F-11D3-BF4B-00C04F79EFBC}") = "WebApi", "WebApi\WebApi.csproj", "{1DD8631C-440E-401F-B660-5223668051C5}"
EndProject
Project("{2150E333-8FDC-42A3-9474-1A3956D46DE8}") = "7-Demo", "7-Demo", "{D16F7135-A367-4AAC-8612-D27F2F3096F2}"
EndProject
Project("{FAE04EC0-301F-11D3-BF4B-00C04F79EFBC}") = "WebApiResource", "WebApiResource\WebApiResource.csproj", "{EC30916C-17F3-4FCD-9C3F-7A889B9872D1}"
EndProject
Project("{FAE04EC0-301F-11D3-BF4B-00C04F79EFBC}") = "ResourceClient", "ResourceClient\ResourceClient.csproj", "{CEF38BB7-B5AC-4F75-946D-DF4713C48FD3}"
EndProject
Project("{2150E333-8FDC-42A3-9474-1A3956D46DE8}") = "1-Presentation-Client", "1-Presentation-Client", "{E7B239A3-0A48-4618-9E48-089C02AE3B23}"
EndProject
Project("{FAE04EC0-301F-11D3-BF4B-00C04F79EFBC}") = "Client.Admin", "1-Presentation-Client\Client.Admin\Client.Admin.csproj", "{C1CFC844-0C77-424C-BE5C-0FC76CFC2121}"
EndProject
Project("{FAE04EC0-301F-11D3-BF4B-00C04F79EFBC}") = "Client.Host", "1-Presentation-Client\Client.Host\Client.Host.csproj", "{E5680B65-8818-4EBF-B54C-AB5AB8A867D3}"
EndProject
Project("{2150E333-8FDC-42A3-9474-1A3956D46DE8}") = "1-Presentation-Oauth", "1-Presentation-Oauth", "{585255AB-560F-4D19-BF10-8334FF023197}"
EndProject
Project("{FAE04EC0-301F-11D3-BF4B-00C04F79EFBC}") = "Portal.OAuth", "CK1.Portal.OAuth\Portal.OAuth.csproj", "{2E8DCDAD-1C36-4807-B986-2A031FE8991F}"
EndProject
Project("{FAE04EC0-301F-11D3-BF4B-00C04F79EFBC}") = "AppDemo", "AppDemo\AppDemo.csproj", "{C8939576-1767-4C81-95F9-6CBE6093BB49}"
EndProject
Project("{FAE04EC0-301F-11D3-BF4B-00C04F79EFBC}") = "PortalIntegrationTest", "PortalIntegrationTest\PortalIntegrationTest.csproj", "{B7D89580-0752-4C34-8E82-DDB26251C8D5}"
EndProject
Global
	GlobalSection(SolutionConfigurationPlatforms) = preSolution
		Debug|Any CPU = Debug|Any CPU
		Release|Any CPU = Release|Any CPU
	EndGlobalSection
	GlobalSection(ProjectConfigurationPlatforms) = postSolution
		{52B1AF0B-BCAD-47F4-9F9C-DA015608917A}.Debug|Any CPU.ActiveCfg = Debug|Any CPU
		{52B1AF0B-BCAD-47F4-9F9C-DA015608917A}.Debug|Any CPU.Build.0 = Debug|Any CPU
		{52B1AF0B-BCAD-47F4-9F9C-DA015608917A}.Release|Any CPU.ActiveCfg = Release|Any CPU
		{52B1AF0B-BCAD-47F4-9F9C-DA015608917A}.Release|Any CPU.Build.0 = Release|Any CPU
		{9B861E62-ED1F-4FBB-B9AD-4E6B74B692CF}.Debug|Any CPU.ActiveCfg = Debug|Any CPU
		{9B861E62-ED1F-4FBB-B9AD-4E6B74B692CF}.Debug|Any CPU.Build.0 = Debug|Any CPU
		{9B861E62-ED1F-4FBB-B9AD-4E6B74B692CF}.Release|Any CPU.ActiveCfg = Release|Any CPU
		{9B861E62-ED1F-4FBB-B9AD-4E6B74B692CF}.Release|Any CPU.Build.0 = Release|Any CPU
		{A8612AC3-E821-4BC5-AB90-2EDD81DF9D6A}.Debug|Any CPU.ActiveCfg = Debug|Any CPU
		{A8612AC3-E821-4BC5-AB90-2EDD81DF9D6A}.Debug|Any CPU.Build.0 = Debug|Any CPU
		{A8612AC3-E821-4BC5-AB90-2EDD81DF9D6A}.Release|Any CPU.ActiveCfg = Release|Any CPU
		{A8612AC3-E821-4BC5-AB90-2EDD81DF9D6A}.Release|Any CPU.Build.0 = Release|Any CPU
		{EE20C94B-378A-406B-92AC-984E71CAFBE8}.Debug|Any CPU.ActiveCfg = Debug|Any CPU
		{EE20C94B-378A-406B-92AC-984E71CAFBE8}.Debug|Any CPU.Build.0 = Debug|Any CPU
		{EE20C94B-378A-406B-92AC-984E71CAFBE8}.Release|Any CPU.ActiveCfg = Release|Any CPU
		{EE20C94B-378A-406B-92AC-984E71CAFBE8}.Release|Any CPU.Build.0 = Release|Any CPU
		{67C014AD-A14C-4E4B-8E76-6EF379FC44B1}.Debug|Any CPU.ActiveCfg = Debug|Any CPU
		{67C014AD-A14C-4E4B-8E76-6EF379FC44B1}.Debug|Any CPU.Build.0 = Debug|Any CPU
		{67C014AD-A14C-4E4B-8E76-6EF379FC44B1}.Release|Any CPU.ActiveCfg = Release|Any CPU
		{67C014AD-A14C-4E4B-8E76-6EF379FC44B1}.Release|Any CPU.Build.0 = Release|Any CPU
		{EA05B71C-8090-45BA-A317-3410E98EF6FD}.Debug|Any CPU.ActiveCfg = Debug|Any CPU
		{EA05B71C-8090-45BA-A317-3410E98EF6FD}.Debug|Any CPU.Build.0 = Debug|Any CPU
		{EA05B71C-8090-45BA-A317-3410E98EF6FD}.Release|Any CPU.ActiveCfg = Release|Any CPU
		{EA05B71C-8090-45BA-A317-3410E98EF6FD}.Release|Any CPU.Build.0 = Release|Any CPU
		{9F10C283-F17A-4F9A-88E5-A3C70B45F0E9}.Debug|Any CPU.ActiveCfg = Debug|Any CPU
		{9F10C283-F17A-4F9A-88E5-A3C70B45F0E9}.Debug|Any CPU.Build.0 = Debug|Any CPU
		{9F10C283-F17A-4F9A-88E5-A3C70B45F0E9}.Release|Any CPU.ActiveCfg = Release|Any CPU
		{9F10C283-F17A-4F9A-88E5-A3C70B45F0E9}.Release|Any CPU.Build.0 = Release|Any CPU
		{EBD09D0A-937E-4327-8FB3-8C5DB1D7D0CD}.Debug|Any CPU.ActiveCfg = Debug|Any CPU
		{EBD09D0A-937E-4327-8FB3-8C5DB1D7D0CD}.Debug|Any CPU.Build.0 = Debug|Any CPU
		{EBD09D0A-937E-4327-8FB3-8C5DB1D7D0CD}.Release|Any CPU.ActiveCfg = Release|Any CPU
		{EBD09D0A-937E-4327-8FB3-8C5DB1D7D0CD}.Release|Any CPU.Build.0 = Release|Any CPU
		{2EE2EF7E-E851-4EB6-AC24-09DA0BDDE8C1}.Debug|Any CPU.ActiveCfg = Debug|Any CPU
		{2EE2EF7E-E851-4EB6-AC24-09DA0BDDE8C1}.Debug|Any CPU.Build.0 = Debug|Any CPU
		{2EE2EF7E-E851-4EB6-AC24-09DA0BDDE8C1}.Release|Any CPU.ActiveCfg = Release|Any CPU
		{2EE2EF7E-E851-4EB6-AC24-09DA0BDDE8C1}.Release|Any CPU.Build.0 = Release|Any CPU
		{E3992073-8D24-4059-9E71-5B90FB8A3216}.Debug|Any CPU.ActiveCfg = Debug|Any CPU
		{E3992073-8D24-4059-9E71-5B90FB8A3216}.Debug|Any CPU.Build.0 = Debug|Any CPU
		{E3992073-8D24-4059-9E71-5B90FB8A3216}.Release|Any CPU.ActiveCfg = Release|Any CPU
		{E3992073-8D24-4059-9E71-5B90FB8A3216}.Release|Any CPU.Build.0 = Release|Any CPU
		{B07ED3D1-0EED-4E13-A73A-3F34B8B75F40}.Debug|Any CPU.ActiveCfg = Debug|Any CPU
		{B07ED3D1-0EED-4E13-A73A-3F34B8B75F40}.Debug|Any CPU.Build.0 = Debug|Any CPU
		{B07ED3D1-0EED-4E13-A73A-3F34B8B75F40}.Release|Any CPU.ActiveCfg = Release|Any CPU
		{B07ED3D1-0EED-4E13-A73A-3F34B8B75F40}.Release|Any CPU.Build.0 = Release|Any CPU
		{8C4C8598-E263-48C8-BAC4-1E7153ED8898}.Debug|Any CPU.ActiveCfg = Debug|Any CPU
		{8C4C8598-E263-48C8-BAC4-1E7153ED8898}.Debug|Any CPU.Build.0 = Debug|Any CPU
		{8C4C8598-E263-48C8-BAC4-1E7153ED8898}.Release|Any CPU.ActiveCfg = Release|Any CPU
		{8C4C8598-E263-48C8-BAC4-1E7153ED8898}.Release|Any CPU.Build.0 = Release|Any CPU
		{6DE862BA-3492-49E3-8B53-596D81BCA0C9}.Debug|Any CPU.ActiveCfg = Debug|Any CPU
		{6DE862BA-3492-49E3-8B53-596D81BCA0C9}.Debug|Any CPU.Build.0 = Debug|Any CPU
		{6DE862BA-3492-49E3-8B53-596D81BCA0C9}.Release|Any CPU.ActiveCfg = Release|Any CPU
		{6DE862BA-3492-49E3-8B53-596D81BCA0C9}.Release|Any CPU.Build.0 = Release|Any CPU
		{E204363E-42CF-4D7E-BA74-D6C87E159BA4}.Debug|Any CPU.ActiveCfg = Debug|Any CPU
		{E204363E-42CF-4D7E-BA74-D6C87E159BA4}.Debug|Any CPU.Build.0 = Debug|Any CPU
		{E204363E-42CF-4D7E-BA74-D6C87E159BA4}.Release|Any CPU.ActiveCfg = Release|Any CPU
		{E204363E-42CF-4D7E-BA74-D6C87E159BA4}.Release|Any CPU.Build.0 = Release|Any CPU
		{7A6A094D-9C1D-4E56-B615-7D83A495AE2D}.Debug|Any CPU.ActiveCfg = Debug|Any CPU
		{7A6A094D-9C1D-4E56-B615-7D83A495AE2D}.Debug|Any CPU.Build.0 = Debug|Any CPU
		{7A6A094D-9C1D-4E56-B615-7D83A495AE2D}.Release|Any CPU.ActiveCfg = Release|Any CPU
		{7A6A094D-9C1D-4E56-B615-7D83A495AE2D}.Release|Any CPU.Build.0 = Release|Any CPU
		{2F8E3F51-C30C-497C-8749-AF170141B6B0}.Debug|Any CPU.ActiveCfg = Debug|Any CPU
		{2F8E3F51-C30C-497C-8749-AF170141B6B0}.Debug|Any CPU.Build.0 = Debug|Any CPU
		{2F8E3F51-C30C-497C-8749-AF170141B6B0}.Release|Any CPU.ActiveCfg = Release|Any CPU
		{2F8E3F51-C30C-497C-8749-AF170141B6B0}.Release|Any CPU.Build.0 = Release|Any CPU
		{6EA3608D-2F89-4100-A556-8DB12F3B3A09}.Debug|Any CPU.ActiveCfg = Debug|Any CPU
		{6EA3608D-2F89-4100-A556-8DB12F3B3A09}.Debug|Any CPU.Build.0 = Debug|Any CPU
		{6EA3608D-2F89-4100-A556-8DB12F3B3A09}.Release|Any CPU.ActiveCfg = Release|Any CPU
		{6EA3608D-2F89-4100-A556-8DB12F3B3A09}.Release|Any CPU.Build.0 = Release|Any CPU
		{70C2253A-AA2B-4829-BB11-FE09FEE7C6B7}.Debug|Any CPU.ActiveCfg = Debug|Any CPU
		{70C2253A-AA2B-4829-BB11-FE09FEE7C6B7}.Debug|Any CPU.Build.0 = Debug|Any CPU
		{70C2253A-AA2B-4829-BB11-FE09FEE7C6B7}.Release|Any CPU.ActiveCfg = Release|Any CPU
		{70C2253A-AA2B-4829-BB11-FE09FEE7C6B7}.Release|Any CPU.Build.0 = Release|Any CPU
		{02729C2F-220E-436B-AE3E-576F20902147}.Debug|Any CPU.ActiveCfg = Debug|Any CPU
		{02729C2F-220E-436B-AE3E-576F20902147}.Debug|Any CPU.Build.0 = Debug|Any CPU
		{02729C2F-220E-436B-AE3E-576F20902147}.Release|Any CPU.ActiveCfg = Release|Any CPU
		{02729C2F-220E-436B-AE3E-576F20902147}.Release|Any CPU.Build.0 = Release|Any CPU
		{1DD8631C-440E-401F-B660-5223668051C5}.Debug|Any CPU.ActiveCfg = Debug|Any CPU
		{1DD8631C-440E-401F-B660-5223668051C5}.Debug|Any CPU.Build.0 = Debug|Any CPU
		{1DD8631C-440E-401F-B660-5223668051C5}.Release|Any CPU.ActiveCfg = Release|Any CPU
		{1DD8631C-440E-401F-B660-5223668051C5}.Release|Any CPU.Build.0 = Release|Any CPU
		{EC30916C-17F3-4FCD-9C3F-7A889B9872D1}.Debug|Any CPU.ActiveCfg = Debug|Any CPU
		{EC30916C-17F3-4FCD-9C3F-7A889B9872D1}.Debug|Any CPU.Build.0 = Debug|Any CPU
		{EC30916C-17F3-4FCD-9C3F-7A889B9872D1}.Release|Any CPU.ActiveCfg = Release|Any CPU
		{EC30916C-17F3-4FCD-9C3F-7A889B9872D1}.Release|Any CPU.Build.0 = Release|Any CPU
		{CEF38BB7-B5AC-4F75-946D-DF4713C48FD3}.Debug|Any CPU.ActiveCfg = Debug|Any CPU
		{CEF38BB7-B5AC-4F75-946D-DF4713C48FD3}.Debug|Any CPU.Build.0 = Debug|Any CPU
		{CEF38BB7-B5AC-4F75-946D-DF4713C48FD3}.Release|Any CPU.ActiveCfg = Release|Any CPU
		{CEF38BB7-B5AC-4F75-946D-DF4713C48FD3}.Release|Any CPU.Build.0 = Release|Any CPU
		{C1CFC844-0C77-424C-BE5C-0FC76CFC2121}.Debug|Any CPU.ActiveCfg = Debug|Any CPU
		{C1CFC844-0C77-424C-BE5C-0FC76CFC2121}.Debug|Any CPU.Build.0 = Debug|Any CPU
		{C1CFC844-0C77-424C-BE5C-0FC76CFC2121}.Release|Any CPU.ActiveCfg = Release|Any CPU
		{C1CFC844-0C77-424C-BE5C-0FC76CFC2121}.Release|Any CPU.Build.0 = Release|Any CPU
		{E5680B65-8818-4EBF-B54C-AB5AB8A867D3}.Debug|Any CPU.ActiveCfg = Debug|Any CPU
		{E5680B65-8818-4EBF-B54C-AB5AB8A867D3}.Debug|Any CPU.Build.0 = Debug|Any CPU
		{E5680B65-8818-4EBF-B54C-AB5AB8A867D3}.Release|Any CPU.ActiveCfg = Release|Any CPU
		{E5680B65-8818-4EBF-B54C-AB5AB8A867D3}.Release|Any CPU.Build.0 = Release|Any CPU
		{2E8DCDAD-1C36-4807-B986-2A031FE8991F}.Debug|Any CPU.ActiveCfg = Debug|Any CPU
		{2E8DCDAD-1C36-4807-B986-2A031FE8991F}.Debug|Any CPU.Build.0 = Debug|Any CPU
		{2E8DCDAD-1C36-4807-B986-2A031FE8991F}.Release|Any CPU.ActiveCfg = Release|Any CPU
		{2E8DCDAD-1C36-4807-B986-2A031FE8991F}.Release|Any CPU.Build.0 = Release|Any CPU
		{C8939576-1767-4C81-95F9-6CBE6093BB49}.Debug|Any CPU.ActiveCfg = Debug|Any CPU
		{C8939576-1767-4C81-95F9-6CBE6093BB49}.Debug|Any CPU.Build.0 = Debug|Any CPU
		{C8939576-1767-4C81-95F9-6CBE6093BB49}.Release|Any CPU.ActiveCfg = Release|Any CPU
		{C8939576-1767-4C81-95F9-6CBE6093BB49}.Release|Any CPU.Build.0 = Release|Any CPU
		{B7D89580-0752-4C34-8E82-DDB26251C8D5}.Debug|Any CPU.ActiveCfg = Debug|Any CPU
		{B7D89580-0752-4C34-8E82-DDB26251C8D5}.Debug|Any CPU.Build.0 = Debug|Any CPU
		{B7D89580-0752-4C34-8E82-DDB26251C8D5}.Release|Any CPU.ActiveCfg = Release|Any CPU
		{B7D89580-0752-4C34-8E82-DDB26251C8D5}.Release|Any CPU.Build.0 = Release|Any CPU
	EndGlobalSection
	GlobalSection(SolutionProperties) = preSolution
		HideSolutionNode = FALSE
	EndGlobalSection
	GlobalSection(NestedProjects) = preSolution
		{52B1AF0B-BCAD-47F4-9F9C-DA015608917A} = {FBCEFD1C-53D1-4161-B14A-153B2B6E1391}
		{9B861E62-ED1F-4FBB-B9AD-4E6B74B692CF} = {FBCEFD1C-53D1-4161-B14A-153B2B6E1391}
		{A8612AC3-E821-4BC5-AB90-2EDD81DF9D6A} = {FBCEFD1C-53D1-4161-B14A-153B2B6E1391}
		{EE20C94B-378A-406B-92AC-984E71CAFBE8} = {5722B830-FD18-4295-9569-5BA23AF8BBEA}
		{67C014AD-A14C-4E4B-8E76-6EF379FC44B1} = {917A85B4-B1B6-4ED3-9D2F-D54E68AEA1D4}
		{E6B74170-4615-48BD-85E4-20D9106813AE} = {3E0D9246-E2ED-4632-B14E-D755584890AF}
		{EA05B71C-8090-45BA-A317-3410E98EF6FD} = {E6B74170-4615-48BD-85E4-20D9106813AE}
		{9F10C283-F17A-4F9A-88E5-A3C70B45F0E9} = {FBCEFD1C-53D1-4161-B14A-153B2B6E1391}
		{EBD09D0A-937E-4327-8FB3-8C5DB1D7D0CD} = {FBCEFD1C-53D1-4161-B14A-153B2B6E1391}
		{2EE2EF7E-E851-4EB6-AC24-09DA0BDDE8C1} = {5722B830-FD18-4295-9569-5BA23AF8BBEA}
		{C98A03E2-B4F2-43E3-9A3A-35065730738A} = {3E0D9246-E2ED-4632-B14E-D755584890AF}
		{E3992073-8D24-4059-9E71-5B90FB8A3216} = {C98A03E2-B4F2-43E3-9A3A-35065730738A}
		{B07ED3D1-0EED-4E13-A73A-3F34B8B75F40} = {0249AB7D-97C7-4143-BBBA-9334E8758A8E}
		{8C4C8598-E263-48C8-BAC4-1E7153ED8898} = {0249AB7D-97C7-4143-BBBA-9334E8758A8E}
		{6DE862BA-3492-49E3-8B53-596D81BCA0C9} = {F462E7C6-F8EA-4532-A2B4-0635BD12FE7F}
		{E204363E-42CF-4D7E-BA74-D6C87E159BA4} = {0249AB7D-97C7-4143-BBBA-9334E8758A8E}
		{7A6A094D-9C1D-4E56-B615-7D83A495AE2D} = {0249AB7D-97C7-4143-BBBA-9334E8758A8E}
		{2F8E3F51-C30C-497C-8749-AF170141B6B0} = {0249AB7D-97C7-4143-BBBA-9334E8758A8E}
		{6EA3608D-2F89-4100-A556-8DB12F3B3A09} = {0249AB7D-97C7-4143-BBBA-9334E8758A8E}
		{70C2253A-AA2B-4829-BB11-FE09FEE7C6B7} = {F462E7C6-F8EA-4532-A2B4-0635BD12FE7F}
		{82234DD6-C9D0-4C3E-B456-27971D897981} = {3E0D9246-E2ED-4632-B14E-D755584890AF}
		{02729C2F-220E-436B-AE3E-576F20902147} = {82234DD6-C9D0-4C3E-B456-27971D897981}
		{1DD8631C-440E-401F-B660-5223668051C5} = {F462E7C6-F8EA-4532-A2B4-0635BD12FE7F}
		{EC30916C-17F3-4FCD-9C3F-7A889B9872D1} = {D16F7135-A367-4AAC-8612-D27F2F3096F2}
		{CEF38BB7-B5AC-4F75-946D-DF4713C48FD3} = {D16F7135-A367-4AAC-8612-D27F2F3096F2}
		{C1CFC844-0C77-424C-BE5C-0FC76CFC2121} = {E7B239A3-0A48-4618-9E48-089C02AE3B23}
		{E5680B65-8818-4EBF-B54C-AB5AB8A867D3} = {E7B239A3-0A48-4618-9E48-089C02AE3B23}
		{2E8DCDAD-1C36-4807-B986-2A031FE8991F} = {585255AB-560F-4D19-BF10-8334FF023197}
		{C8939576-1767-4C81-95F9-6CBE6093BB49} = {D16F7135-A367-4AAC-8612-D27F2F3096F2}
		{B7D89580-0752-4C34-8E82-DDB26251C8D5} = {D16F7135-A367-4AAC-8612-D27F2F3096F2}
	EndGlobalSection
	GlobalSection(ExtensibilityGlobals) = postSolution
		EnterpriseLibraryConfigurationToolBinariesPathV6 = packages\EnterpriseLibrary.Common.6.0.1304.0\lib\NET45;packages\EnterpriseLibrary.Data.6.0.1304.0\lib\NET45
	EndGlobalSection
EndGlobal
